
Microsoft Visual Studio Solution File, Format Version 12.00
# Visual Studio Version 17
VisualStudioVersion = 17.7.34031.279
MinimumVisualStudioVersion = 10.0.40219.1
Project("{2150E333-8FDC-42A3-9474-1A3956D46DE8}") = "Task0", "Task0", "{3E1797E5-D4AF-4EED-B7C4-C57D1DF99CB7}"
EndProject
Project("{FAE04EC0-301F-11D3-BF4B-00C04F79EFBC}") = "Tyuiu.SmirnovMN.Sprint4.Task0.V6", "Tyuiu.SmirnovMN.Sprint3.Task0.V6\Tyuiu.SmirnovMN.Sprint4.Task0.V6.csproj", "{EA1CA702-5014-4DA8-92B1-AB906325D235}"
EndProject
Project("{FAE04EC0-301F-11D3-BF4B-00C04F79EFBC}") = "Tyuiu.SmirnovMN.Sprint4.Task0.V6.Test", "Tyuiu.SmirnovMN.Sprint3.Task0.V6.Test\Tyuiu.SmirnovMN.Sprint4.Task0.V6.Test.csproj", "{726BA59F-67FA-4FE8-96C7-3B7744FE023C}"
EndProject
Project("{FAE04EC0-301F-11D3-BF4B-00C04F79EFBC}") = "Tyuiu.SmirnovMN.Sprint4.Task0.V6.Lib", "Tyuiu.SmirnovMN.Sprint4.Task0.V6.Lib\Tyuiu.SmirnovMN.Sprint4.Task0.V6.Lib.csproj", "{EC4FE72D-1937-4E02-B695-AA4D516B033C}"
EndProject
Project("{2150E333-8FDC-42A3-9474-1A3956D46DE8}") = "Task1", "Task1", "{45A2AAB8-41C2-4D0D-9F3D-8B817DBEF4C7}"
EndProject
Project("{FAE04EC0-301F-11D3-BF4B-00C04F79EFBC}") = "Tyuiu.SmirnovMN.Sprint4.Task1.V8", "Tyuiu.SmirnovMN.Sprint4.Task1.V8\Tyuiu.SmirnovMN.Sprint4.Task1.V8.csproj", "{4EEA42A0-C4E2-4868-A9AB-7E4122004570}"
EndProject
Project("{FAE04EC0-301F-11D3-BF4B-00C04F79EFBC}") = "Tyuiu.SmirnovMN.Sprint4.Task1.V8.Lib", "Tyuiu.SmirnovMN.Sprint4.Task1.V8.Lib\Tyuiu.SmirnovMN.Sprint4.Task1.V8.Lib.csproj", "{9A60D67D-7165-435A-9B7A-DEE00C3BCA6B}"
EndProject
Project("{FAE04EC0-301F-11D3-BF4B-00C04F79EFBC}") = "Tyuiu.SmirnovMN.Sprint4.Task1.V8.Test", "Tyuiu.SmirnovMN.Sprint4.Task1.V8.Test\Tyuiu.SmirnovMN.Sprint4.Task1.V8.Test.csproj", "{F74B32D5-A9F4-49D0-B0D4-DFFE04D442B9}"
EndProject
Project("{2150E333-8FDC-42A3-9474-1A3956D46DE8}") = "Task2", "Task2", "{23EA38C4-21D2-410C-A0F5-6E7ADA48E09A}"
EndProject
Project("{FAE04EC0-301F-11D3-BF4B-00C04F79EFBC}") = "Tyuiu.SmirnovMN.Sprint4.Task2.V28", "Tyuiu.SmirnovMN.Sprint4.Task2.V28\Tyuiu.SmirnovMN.Sprint4.Task2.V28.csproj", "{5A459050-2CDF-4398-9BCE-A1D834D4D6DA}"
EndProject
Project("{FAE04EC0-301F-11D3-BF4B-00C04F79EFBC}") = "Tyuiu.SmirnovMN.Sprint4.Task2.V28.Lib", "Tyuiu.SmirnovMN.Sprint4.Task2.V28.Lib\Tyuiu.SmirnovMN.Sprint4.Task2.V28.Lib.csproj", "{7BBF20D0-12D0-4388-B7C5-85DA0C8B47F9}"
EndProject
Project("{FAE04EC0-301F-11D3-BF4B-00C04F79EFBC}") = "Tyuiu.SmirnovMN.Sprint4.Task2.V28.Test", "Tyuiu.SmirnovMN.Sprint4.Task2.V28.Test\Tyuiu.SmirnovMN.Sprint4.Task2.V28.Test.csproj", "{DE6A2E4D-CBF0-4F8E-8FB1-C6A96C51A0E7}"
EndProject
Project("{2150E333-8FDC-42A3-9474-1A3956D46DE8}") = "Task3", "Task3", "{7F89D0E7-A67D-47FB-A5C2-A96B126416A5}"
EndProject
Project("{FAE04EC0-301F-11D3-BF4B-00C04F79EFBC}") = "Tyuiu.SmirnovMN.Sprint4.Task3.V6", "Tyuiu.SmirnovMN.Sprint4.Task3.V6\Tyuiu.SmirnovMN.Sprint4.Task3.V6.csproj", "{59D632DE-EF5A-4D4B-9594-763EE33031A3}"
EndProject
Project("{FAE04EC0-301F-11D3-BF4B-00C04F79EFBC}") = "Tyuiu.SmirnovMN.Sprint4.Task3.V6.Lib", "Tyuiu.SmirnovMN.Sprint4.Task3.V6.Lib\Tyuiu.SmirnovMN.Sprint4.Task3.V6.Lib.csproj", "{4A3BB64E-795F-49E4-A7B9-05696DB7636E}"
EndProject
Project("{FAE04EC0-301F-11D3-BF4B-00C04F79EFBC}") = "Tyuiu.SmirnovMN.Sprint4.Task3.V6.Test", "Tyuiu.SmirnovMN.Sprint4.Task3.V6.Test\Tyuiu.SmirnovMN.Sprint4.Task3.V6.Test.csproj", "{FD458DAC-88EF-402B-B8D0-135F09CBFC24}"
EndProject
Project("{2150E333-8FDC-42A3-9474-1A3956D46DE8}") = "Task4", "Task4", "{E6E521E5-A92C-4502-B3BD-36B8810AE6B1}"
EndProject
Project("{FAE04EC0-301F-11D3-BF4B-00C04F79EFBC}") = "Tyuiu.SmirnovMN.Sprint4.Task4.V24", "Tyuiu.SmirnovMN.Sprint4.Task4.V24\Tyuiu.SmirnovMN.Sprint4.Task4.V24.csproj", "{E9D309BC-5E8F-402B-9ED9-E45B80A35584}"
EndProject
Project("{FAE04EC0-301F-11D3-BF4B-00C04F79EFBC}") = "Tyuiu.SmirnovMN.Sprint4.Task4.V24.Lib", "Tyuiu.SmirnovMN.Sprint4.Task4.V24.Lib\Tyuiu.SmirnovMN.Sprint4.Task4.V24.Lib.csproj", "{3FD6881B-50AA-41D8-8252-B0680C663923}"
EndProject
Project("{FAE04EC0-301F-11D3-BF4B-00C04F79EFBC}") = "Tyuiu.SmirnovMN.Sprint4.Task4.V24.Test", "Tyuiu.SmirnovMN.Sprint4.Task4.V24.Test\Tyuiu.SmirnovMN.Sprint4.Task4.V24.Test.csproj", "{AA624427-8010-40B7-88D3-D6696DC61759}"
EndProject
Project("{2150E333-8FDC-42A3-9474-1A3956D46DE8}") = "Task5", "Task5", "{B5FE7859-594D-4161-9264-E3A0DD694F20}"
EndProject
Project("{FAE04EC0-301F-11D3-BF4B-00C04F79EFBC}") = "Tyuiu.SmirnovMN.Sprint4.Task5.V2", "Tyuiu.SmirnovMN.Sprint4.Task5.V2\Tyuiu.SmirnovMN.Sprint4.Task5.V2.csproj", "{57BE3EA1-21C0-4883-BB56-C78F6E0F05B5}"
EndProject
Project("{FAE04EC0-301F-11D3-BF4B-00C04F79EFBC}") = "Tyuiu.SmirnovMN.Sprint4.Task5.V2.Lib", "Tyuiu.SmirnovMN.Sprint4.Task5.V2.Lib\Tyuiu.SmirnovMN.Sprint4.Task5.V2.Lib.csproj", "{D6741FCC-5985-4838-A4DD-7B344739F019}"
EndProject
Project("{FAE04EC0-301F-11D3-BF4B-00C04F79EFBC}") = "Tyuiu.SmirnovMN.Sprint4.Task5.V2.Test", "Tyuiu.SmirnovMN.Sprint4.Task5.V2.Test\Tyuiu.SmirnovMN.Sprint4.Task5.V2.Test.csproj", "{5FD573CB-926A-450D-A3D8-E412B9B6EA5A}"
EndProject
Project("{2150E333-8FDC-42A3-9474-1A3956D46DE8}") = "Task6", "Task6", "{6211560F-246C-464B-88B6-51B18C559619}"
EndProject
Project("{FAE04EC0-301F-11D3-BF4B-00C04F79EFBC}") = "Tyuiu.SmirnovMN.Sprint4.Task6.V27", "Tyuiu.SmirnovMN.Sprint4.Task6.V27\Tyuiu.SmirnovMN.Sprint4.Task6.V27.csproj", "{CC979FB1-831C-4793-9D0E-D0C6CA188552}"
EndProject
Project("{FAE04EC0-301F-11D3-BF4B-00C04F79EFBC}") = "Tyuiu.SmirnovMN.Sprint4.Task6.V27.Lib", "Tyuiu.SmirnovMN.Sprint4.Task6.V27.Lib\Tyuiu.SmirnovMN.Sprint4.Task6.V27.Lib.csproj", "{78AD973B-4368-4C4E-AF0B-D8BFAB526F62}"
EndProject
Project("{FAE04EC0-301F-11D3-BF4B-00C04F79EFBC}") = "Tyuiu.SmirnovMN.Sprint4.Task6.V27.Test", "Tyuiu.SmirnovMN.Sprint4.Task6.V27.Test\Tyuiu.SmirnovMN.Sprint4.Task6.V27.Test.csproj", "{666F2216-6BB1-4408-B445-35A9F31932C4}"
EndProject
Global
	GlobalSection(SolutionConfigurationPlatforms) = preSolution
		Debug|Any CPU = Debug|Any CPU
		Release|Any CPU = Release|Any CPU
	EndGlobalSection
	GlobalSection(ProjectConfigurationPlatforms) = postSolution
		{EA1CA702-5014-4DA8-92B1-AB906325D235}.Debug|Any CPU.ActiveCfg = Debug|Any CPU
		{EA1CA702-5014-4DA8-92B1-AB906325D235}.Debug|Any CPU.Build.0 = Debug|Any CPU
		{EA1CA702-5014-4DA8-92B1-AB906325D235}.Release|Any CPU.ActiveCfg = Release|Any CPU
		{EA1CA702-5014-4DA8-92B1-AB906325D235}.Release|Any CPU.Build.0 = Release|Any CPU
		{726BA59F-67FA-4FE8-96C7-3B7744FE023C}.Debug|Any CPU.ActiveCfg = Debug|Any CPU
		{726BA59F-67FA-4FE8-96C7-3B7744FE023C}.Debug|Any CPU.Build.0 = Debug|Any CPU
		{726BA59F-67FA-4FE8-96C7-3B7744FE023C}.Release|Any CPU.ActiveCfg = Release|Any CPU
		{726BA59F-67FA-4FE8-96C7-3B7744FE023C}.Release|Any CPU.Build.0 = Release|Any CPU
		{EC4FE72D-1937-4E02-B695-AA4D516B033C}.Debug|Any CPU.ActiveCfg = Debug|Any CPU
		{EC4FE72D-1937-4E02-B695-AA4D516B033C}.Debug|Any CPU.Build.0 = Debug|Any CPU
		{EC4FE72D-1937-4E02-B695-AA4D516B033C}.Release|Any CPU.ActiveCfg = Release|Any CPU
		{EC4FE72D-1937-4E02-B695-AA4D516B033C}.Release|Any CPU.Build.0 = Release|Any CPU
		{4EEA42A0-C4E2-4868-A9AB-7E4122004570}.Debug|Any CPU.ActiveCfg = Debug|Any CPU
		{4EEA42A0-C4E2-4868-A9AB-7E4122004570}.Debug|Any CPU.Build.0 = Debug|Any CPU
		{4EEA42A0-C4E2-4868-A9AB-7E4122004570}.Release|Any CPU.ActiveCfg = Release|Any CPU
		{4EEA42A0-C4E2-4868-A9AB-7E4122004570}.Release|Any CPU.Build.0 = Release|Any CPU
		{9A60D67D-7165-435A-9B7A-DEE00C3BCA6B}.Debug|Any CPU.ActiveCfg = Debug|Any CPU
		{9A60D67D-7165-435A-9B7A-DEE00C3BCA6B}.Debug|Any CPU.Build.0 = Debug|Any CPU
		{9A60D67D-7165-435A-9B7A-DEE00C3BCA6B}.Release|Any CPU.ActiveCfg = Release|Any CPU
		{9A60D67D-7165-435A-9B7A-DEE00C3BCA6B}.Release|Any CPU.Build.0 = Release|Any CPU
		{F74B32D5-A9F4-49D0-B0D4-DFFE04D442B9}.Debug|Any CPU.ActiveCfg = Debug|Any CPU
		{F74B32D5-A9F4-49D0-B0D4-DFFE04D442B9}.Debug|Any CPU.Build.0 = Debug|Any CPU
		{F74B32D5-A9F4-49D0-B0D4-DFFE04D442B9}.Release|Any CPU.ActiveCfg = Release|Any CPU
		{F74B32D5-A9F4-49D0-B0D4-DFFE04D442B9}.Release|Any CPU.Build.0 = Release|Any CPU
		{5A459050-2CDF-4398-9BCE-A1D834D4D6DA}.Debug|Any CPU.ActiveCfg = Debug|Any CPU
		{5A459050-2CDF-4398-9BCE-A1D834D4D6DA}.Debug|Any CPU.Build.0 = Debug|Any CPU
		{5A459050-2CDF-4398-9BCE-A1D834D4D6DA}.Release|Any CPU.ActiveCfg = Release|Any CPU
		{5A459050-2CDF-4398-9BCE-A1D834D4D6DA}.Release|Any CPU.Build.0 = Release|Any CPU
		{7BBF20D0-12D0-4388-B7C5-85DA0C8B47F9}.Debug|Any CPU.ActiveCfg = Debug|Any CPU
		{7BBF20D0-12D0-4388-B7C5-85DA0C8B47F9}.Debug|Any CPU.Build.0 = Debug|Any CPU
		{7BBF20D0-12D0-4388-B7C5-85DA0C8B47F9}.Release|Any CPU.ActiveCfg = Release|Any CPU
		{7BBF20D0-12D0-4388-B7C5-85DA0C8B47F9}.Release|Any CPU.Build.0 = Release|Any CPU
		{DE6A2E4D-CBF0-4F8E-8FB1-C6A96C51A0E7}.Debug|Any CPU.ActiveCfg = Debug|Any CPU
		{DE6A2E4D-CBF0-4F8E-8FB1-C6A96C51A0E7}.Debug|Any CPU.Build.0 = Debug|Any CPU
		{DE6A2E4D-CBF0-4F8E-8FB1-C6A96C51A0E7}.Release|Any CPU.ActiveCfg = Release|Any CPU
		{DE6A2E4D-CBF0-4F8E-8FB1-C6A96C51A0E7}.Release|Any CPU.Build.0 = Release|Any CPU
		{59D632DE-EF5A-4D4B-9594-763EE33031A3}.Debug|Any CPU.ActiveCfg = Debug|Any CPU
		{59D632DE-EF5A-4D4B-9594-763EE33031A3}.Debug|Any CPU.Build.0 = Debug|Any CPU
		{59D632DE-EF5A-4D4B-9594-763EE33031A3}.Release|Any CPU.ActiveCfg = Release|Any CPU
		{59D632DE-EF5A-4D4B-9594-763EE33031A3}.Release|Any CPU.Build.0 = Release|Any CPU
		{4A3BB64E-795F-49E4-A7B9-05696DB7636E}.Debug|Any CPU.ActiveCfg = Debug|Any CPU
		{4A3BB64E-795F-49E4-A7B9-05696DB7636E}.Debug|Any CPU.Build.0 = Debug|Any CPU
		{4A3BB64E-795F-49E4-A7B9-05696DB7636E}.Release|Any CPU.ActiveCfg = Release|Any CPU
		{4A3BB64E-795F-49E4-A7B9-05696DB7636E}.Release|Any CPU.Build.0 = Release|Any CPU
		{FD458DAC-88EF-402B-B8D0-135F09CBFC24}.Debug|Any CPU.ActiveCfg = Debug|Any CPU
		{FD458DAC-88EF-402B-B8D0-135F09CBFC24}.Debug|Any CPU.Build.0 = Debug|Any CPU
		{FD458DAC-88EF-402B-B8D0-135F09CBFC24}.Release|Any CPU.ActiveCfg = Release|Any CPU
		{FD458DAC-88EF-402B-B8D0-135F09CBFC24}.Release|Any CPU.Build.0 = Release|Any CPU
		{E9D309BC-5E8F-402B-9ED9-E45B80A35584}.Debug|Any CPU.ActiveCfg = Debug|Any CPU
		{E9D309BC-5E8F-402B-9ED9-E45B80A35584}.Debug|Any CPU.Build.0 = Debug|Any CPU
		{E9D309BC-5E8F-402B-9ED9-E45B80A35584}.Release|Any CPU.ActiveCfg = Release|Any CPU
		{E9D309BC-5E8F-402B-9ED9-E45B80A35584}.Release|Any CPU.Build.0 = Release|Any CPU
		{3FD6881B-50AA-41D8-8252-B0680C663923}.Debug|Any CPU.ActiveCfg = Debug|Any CPU
		{3FD6881B-50AA-41D8-8252-B0680C663923}.Debug|Any CPU.Build.0 = Debug|Any CPU
		{3FD6881B-50AA-41D8-8252-B0680C663923}.Release|Any CPU.ActiveCfg = Release|Any CPU
		{3FD6881B-50AA-41D8-8252-B0680C663923}.Release|Any CPU.Build.0 = Release|Any CPU
		{AA624427-8010-40B7-88D3-D6696DC61759}.Debug|Any CPU.ActiveCfg = Debug|Any CPU
		{AA624427-8010-40B7-88D3-D6696DC61759}.Debug|Any CPU.Build.0 = Debug|Any CPU
		{AA624427-8010-40B7-88D3-D6696DC61759}.Release|Any CPU.ActiveCfg = Release|Any CPU
		{AA624427-8010-40B7-88D3-D6696DC61759}.Release|Any CPU.Build.0 = Release|Any CPU
		{57BE3EA1-21C0-4883-BB56-C78F6E0F05B5}.Debug|Any CPU.ActiveCfg = Debug|Any CPU
		{57BE3EA1-21C0-4883-BB56-C78F6E0F05B5}.Debug|Any CPU.Build.0 = Debug|Any CPU
		{57BE3EA1-21C0-4883-BB56-C78F6E0F05B5}.Release|Any CPU.ActiveCfg = Release|Any CPU
		{57BE3EA1-21C0-4883-BB56-C78F6E0F05B5}.Release|Any CPU.Build.0 = Release|Any CPU
		{D6741FCC-5985-4838-A4DD-7B344739F019}.Debug|Any CPU.ActiveCfg = Debug|Any CPU
		{D6741FCC-5985-4838-A4DD-7B344739F019}.Debug|Any CPU.Build.0 = Debug|Any CPU
		{D6741FCC-5985-4838-A4DD-7B344739F019}.Release|Any CPU.ActiveCfg = Release|Any CPU
		{D6741FCC-5985-4838-A4DD-7B344739F019}.Release|Any CPU.Build.0 = Release|Any CPU
		{5FD573CB-926A-450D-A3D8-E412B9B6EA5A}.Debug|Any CPU.ActiveCfg = Debug|Any CPU
		{5FD573CB-926A-450D-A3D8-E412B9B6EA5A}.Debug|Any CPU.Build.0 = Debug|Any CPU
		{5FD573CB-926A-450D-A3D8-E412B9B6EA5A}.Release|Any CPU.ActiveCfg = Release|Any CPU
		{5FD573CB-926A-450D-A3D8-E412B9B6EA5A}.Release|Any CPU.Build.0 = Release|Any CPU
		{CC979FB1-831C-4793-9D0E-D0C6CA188552}.Debug|Any CPU.ActiveCfg = Debug|Any CPU
		{CC979FB1-831C-4793-9D0E-D0C6CA188552}.Debug|Any CPU.Build.0 = Debug|Any CPU
		{CC979FB1-831C-4793-9D0E-D0C6CA188552}.Release|Any CPU.ActiveCfg = Release|Any CPU
		{CC979FB1-831C-4793-9D0E-D0C6CA188552}.Release|Any CPU.Build.0 = Release|Any CPU
		{78AD973B-4368-4C4E-AF0B-D8BFAB526F62}.Debug|Any CPU.ActiveCfg = Debug|Any CPU
		{78AD973B-4368-4C4E-AF0B-D8BFAB526F62}.Debug|Any CPU.Build.0 = Debug|Any CPU
		{78AD973B-4368-4C4E-AF0B-D8BFAB526F62}.Release|Any CPU.ActiveCfg = Release|Any CPU
		{78AD973B-4368-4C4E-AF0B-D8BFAB526F62}.Release|Any CPU.Build.0 = Release|Any CPU
		{666F2216-6BB1-4408-B445-35A9F31932C4}.Debug|Any CPU.ActiveCfg = Debug|Any CPU
		{666F2216-6BB1-4408-B445-35A9F31932C4}.Debug|Any CPU.Build.0 = Debug|Any CPU
		{666F2216-6BB1-4408-B445-35A9F31932C4}.Release|Any CPU.ActiveCfg = Release|Any CPU
		{666F2216-6BB1-4408-B445-35A9F31932C4}.Release|Any CPU.Build.0 = Release|Any CPU
	EndGlobalSection
	GlobalSection(SolutionProperties) = preSolution
		HideSolutionNode = FALSE
	EndGlobalSection
	GlobalSection(NestedProjects) = preSolution
		{EA1CA702-5014-4DA8-92B1-AB906325D235} = {3E1797E5-D4AF-4EED-B7C4-C57D1DF99CB7}
		{726BA59F-67FA-4FE8-96C7-3B7744FE023C} = {3E1797E5-D4AF-4EED-B7C4-C57D1DF99CB7}
		{EC4FE72D-1937-4E02-B695-AA4D516B033C} = {3E1797E5-D4AF-4EED-B7C4-C57D1DF99CB7}
		{4EEA42A0-C4E2-4868-A9AB-7E4122004570} = {45A2AAB8-41C2-4D0D-9F3D-8B817DBEF4C7}
		{9A60D67D-7165-435A-9B7A-DEE00C3BCA6B} = {45A2AAB8-41C2-4D0D-9F3D-8B817DBEF4C7}
		{F74B32D5-A9F4-49D0-B0D4-DFFE04D442B9} = {45A2AAB8-41C2-4D0D-9F3D-8B817DBEF4C7}
		{5A459050-2CDF-4398-9BCE-A1D834D4D6DA} = {23EA38C4-21D2-410C-A0F5-6E7ADA48E09A}
		{7BBF20D0-12D0-4388-B7C5-85DA0C8B47F9} = {23EA38C4-21D2-410C-A0F5-6E7ADA48E09A}
		{DE6A2E4D-CBF0-4F8E-8FB1-C6A96C51A0E7} = {23EA38C4-21D2-410C-A0F5-6E7ADA48E09A}
		{59D632DE-EF5A-4D4B-9594-763EE33031A3} = {7F89D0E7-A67D-47FB-A5C2-A96B126416A5}
		{4A3BB64E-795F-49E4-A7B9-05696DB7636E} = {7F89D0E7-A67D-47FB-A5C2-A96B126416A5}
		{FD458DAC-88EF-402B-B8D0-135F09CBFC24} = {7F89D0E7-A67D-47FB-A5C2-A96B126416A5}
		{E9D309BC-5E8F-402B-9ED9-E45B80A35584} = {E6E521E5-A92C-4502-B3BD-36B8810AE6B1}
		{3FD6881B-50AA-41D8-8252-B0680C663923} = {E6E521E5-A92C-4502-B3BD-36B8810AE6B1}
		{AA624427-8010-40B7-88D3-D6696DC61759} = {E6E521E5-A92C-4502-B3BD-36B8810AE6B1}
		{57BE3EA1-21C0-4883-BB56-C78F6E0F05B5} = {B5FE7859-594D-4161-9264-E3A0DD694F20}
		{D6741FCC-5985-4838-A4DD-7B344739F019} = {B5FE7859-594D-4161-9264-E3A0DD694F20}
		{5FD573CB-926A-450D-A3D8-E412B9B6EA5A} = {B5FE7859-594D-4161-9264-E3A0DD694F20}
		{CC979FB1-831C-4793-9D0E-D0C6CA188552} = {6211560F-246C-464B-88B6-51B18C559619}
		{78AD973B-4368-4C4E-AF0B-D8BFAB526F62} = {6211560F-246C-464B-88B6-51B18C559619}
		{666F2216-6BB1-4408-B445-35A9F31932C4} = {6211560F-246C-464B-88B6-51B18C559619}
	EndGlobalSection
	GlobalSection(ExtensibilityGlobals) = postSolution
		SolutionGuid = {834E5A16-BBC4-4FD8-ACD4-D3FF9728DBDC}
	EndGlobalSection
EndGlobal
