
Microsoft Visual Studio Solution File, Format Version 12.00
# Visual Studio Version 17
VisualStudioVersion = 17.7.34031.279
MinimumVisualStudioVersion = 10.0.40219.1
Project("{2150E333-8FDC-42A3-9474-1A3956D46DE8}") = "Task0", "Task0", "{3E1797E5-D4AF-4EED-B7C4-C57D1DF99CB7}"
EndProject
Project("{FAE04EC0-301F-11D3-BF4B-00C04F79EFBC}") = "Tyuiu.SmirnovMN.Sprint4.Task0.V6", "Tyuiu.SmirnovMN.Sprint3.Task0.V6\Tyuiu.SmirnovMN.Sprint4.Task0.V6.csproj", "{EA1CA702-5014-4DA8-92B1-AB906325D235}"
EndProject
Project("{FAE04EC0-301F-11D3-BF4B-00C04F79EFBC}") = "Tyuiu.SmirnovMN.Sprint4.Task0.V6.Test", "Tyuiu.SmirnovMN.Sprint3.Task0.V6.Test\Tyuiu.SmirnovMN.Sprint4.Task0.V6.Test.csproj", "{726BA59F-67FA-4FE8-96C7-3B7744FE023C}"
EndProject
Project("{FAE04EC0-301F-11D3-BF4B-00C04F79EFBC}") = "Tyuiu.SmirnovMN.Sprint4.Task0.V6.Lib", "Tyuiu.SmirnovMN.Sprint4.Task0.V6.Lib\Tyuiu.SmirnovMN.Sprint4.Task0.V6.Lib.csproj", "{EC4FE72D-1937-4E02-B695-AA4D516B033C}"
EndProject
Project("{2150E333-8FDC-42A3-9474-1A3956D46DE8}") = "Task1", "Task1", "{45A2AAB8-41C2-4D0D-9F3D-8B817DBEF4C7}"
EndProject
Project("{FAE04EC0-301F-11D3-BF4B-00C04F79EFBC}") = "Tyuiu.SmirnovMN.Sprint4.Task1.V8", "Tyuiu.SmirnovMN.Sprint4.Task1.V8\Tyuiu.SmirnovMN.Sprint4.Task1.V8.csproj", "{4EEA42A0-C4E2-4868-A9AB-7E4122004570}"
EndProject
Project("{FAE04EC0-301F-11D3-BF4B-00C04F79EFBC}") = "Tyuiu.SmirnovMN.Sprint4.Task1.V8.Lib", "Tyuiu.SmirnovMN.Sprint4.Task1.V8.Lib\Tyuiu.SmirnovMN.Sprint4.Task1.V8.Lib.csproj", "{9A60D67D-7165-435A-9B7A-DEE00C3BCA6B}"
EndProject
Project("{FAE04EC0-301F-11D3-BF4B-00C04F79EFBC}") = "Tyuiu.SmirnovMN.Sprint4.Task1.V8.Test", "Tyuiu.SmirnovMN.Sprint4.Task1.V8.Test\Tyuiu.SmirnovMN.Sprint4.Task1.V8.Test.csproj", "{F74B32D5-A9F4-49D0-B0D4-DFFE04D442B9}"
EndProject
Global
	GlobalSection(SolutionConfigurationPlatforms) = preSolution
		Debug|Any CPU = Debug|Any CPU
		Release|Any CPU = Release|Any CPU
	EndGlobalSection
	GlobalSection(ProjectConfigurationPlatforms) = postSolution
		{EA1CA702-5014-4DA8-92B1-AB906325D235}.Debug|Any CPU.ActiveCfg = Debug|Any CPU
		{EA1CA702-5014-4DA8-92B1-AB906325D235}.Debug|Any CPU.Build.0 = Debug|Any CPU
		{EA1CA702-5014-4DA8-92B1-AB906325D235}.Release|Any CPU.ActiveCfg = Release|Any CPU
		{EA1CA702-5014-4DA8-92B1-AB906325D235}.Release|Any CPU.Build.0 = Release|Any CPU
		{726BA59F-67FA-4FE8-96C7-3B7744FE023C}.Debug|Any CPU.ActiveCfg = Debug|Any CPU
		{726BA59F-67FA-4FE8-96C7-3B7744FE023C}.Debug|Any CPU.Build.0 = Debug|Any CPU
		{726BA59F-67FA-4FE8-96C7-3B7744FE023C}.Release|Any CPU.ActiveCfg = Release|Any CPU
		{726BA59F-67FA-4FE8-96C7-3B7744FE023C}.Release|Any CPU.Build.0 = Release|Any CPU
		{EC4FE72D-1937-4E02-B695-AA4D516B033C}.Debug|Any CPU.ActiveCfg = Debug|Any CPU
		{EC4FE72D-1937-4E02-B695-AA4D516B033C}.Debug|Any CPU.Build.0 = Debug|Any CPU
		{EC4FE72D-1937-4E02-B695-AA4D516B033C}.Release|Any CPU.ActiveCfg = Release|Any CPU
		{EC4FE72D-1937-4E02-B695-AA4D516B033C}.Release|Any CPU.Build.0 = Release|Any CPU
		{4EEA42A0-C4E2-4868-A9AB-7E4122004570}.Debug|Any CPU.ActiveCfg = Debug|Any CPU
		{4EEA42A0-C4E2-4868-A9AB-7E4122004570}.Debug|Any CPU.Build.0 = Debug|Any CPU
		{4EEA42A0-C4E2-4868-A9AB-7E4122004570}.Release|Any CPU.ActiveCfg = Release|Any CPU
		{4EEA42A0-C4E2-4868-A9AB-7E4122004570}.Release|Any CPU.Build.0 = Release|Any CPU
		{9A60D67D-7165-435A-9B7A-DEE00C3BCA6B}.Debug|Any CPU.ActiveCfg = Debug|Any CPU
		{9A60D67D-7165-435A-9B7A-DEE00C3BCA6B}.Debug|Any CPU.Build.0 = Debug|Any CPU
		{9A60D67D-7165-435A-9B7A-DEE00C3BCA6B}.Release|Any CPU.ActiveCfg = Release|Any CPU
		{9A60D67D-7165-435A-9B7A-DEE00C3BCA6B}.Release|Any CPU.Build.0 = Release|Any CPU
		{F74B32D5-A9F4-49D0-B0D4-DFFE04D442B9}.Debug|Any CPU.ActiveCfg = Debug|Any CPU
		{F74B32D5-A9F4-49D0-B0D4-DFFE04D442B9}.Debug|Any CPU.Build.0 = Debug|Any CPU
		{F74B32D5-A9F4-49D0-B0D4-DFFE04D442B9}.Release|Any CPU.ActiveCfg = Release|Any CPU
		{F74B32D5-A9F4-49D0-B0D4-DFFE04D442B9}.Release|Any CPU.Build.0 = Release|Any CPU
	EndGlobalSection
	GlobalSection(SolutionProperties) = preSolution
		HideSolutionNode = FALSE
	EndGlobalSection
	GlobalSection(NestedProjects) = preSolution
		{EA1CA702-5014-4DA8-92B1-AB906325D235} = {3E1797E5-D4AF-4EED-B7C4-C57D1DF99CB7}
		{726BA59F-67FA-4FE8-96C7-3B7744FE023C} = {3E1797E5-D4AF-4EED-B7C4-C57D1DF99CB7}
		{EC4FE72D-1937-4E02-B695-AA4D516B033C} = {3E1797E5-D4AF-4EED-B7C4-C57D1DF99CB7}
		{4EEA42A0-C4E2-4868-A9AB-7E4122004570} = {45A2AAB8-41C2-4D0D-9F3D-8B817DBEF4C7}
		{9A60D67D-7165-435A-9B7A-DEE00C3BCA6B} = {45A2AAB8-41C2-4D0D-9F3D-8B817DBEF4C7}
		{F74B32D5-A9F4-49D0-B0D4-DFFE04D442B9} = {45A2AAB8-41C2-4D0D-9F3D-8B817DBEF4C7}
	EndGlobalSection
	GlobalSection(ExtensibilityGlobals) = postSolution
		SolutionGuid = {834E5A16-BBC4-4FD8-ACD4-D3FF9728DBDC}
	EndGlobalSection
EndGlobal
